
Microsoft Visual Studio Solution File, Format Version 12.00
# Visual Studio Version 16
VisualStudioVersion = 16.0.30204.135
MinimumVisualStudioVersion = 10.0.40219.1
Project("{FAE04EC0-301F-11D3-BF4B-00C04F79EFBC}") = "teste", "teste\teste.csproj", "{DF5FB506-8DAA-4B2C-8836-A3EBB2AE234D}"
EndProject
Global
	GlobalSection(SolutionConfigurationPlatforms) = preSolution
		Debug|Any CPU = Debug|Any CPU
		Release|Any CPU = Release|Any CPU
	EndGlobalSection
	GlobalSection(ProjectConfigurationPlatforms) = postSolution
		{DF5FB506-8DAA-4B2C-8836-A3EBB2AE234D}.Debug|Any CPU.ActiveCfg = Debug|Any CPU
		{DF5FB506-8DAA-4B2C-8836-A3EBB2AE234D}.Debug|Any CPU.Build.0 = Debug|Any CPU
		{DF5FB506-8DAA-4B2C-8836-A3EBB2AE234D}.Release|Any CPU.ActiveCfg = Release|Any CPU
		{DF5FB506-8DAA-4B2C-8836-A3EBB2AE234D}.Release|Any CPU.Build.0 = Release|Any CPU
	EndGlobalSection
	GlobalSection(SolutionProperties) = preSolution
		HideSolutionNode = FALSE
	EndGlobalSection
	GlobalSection(ExtensibilityGlobals) = postSolution
		SolutionGuid = {AF8B2A14-3D1D-43B6-B216-448E7CA03D80}
	EndGlobalSection
EndGlobal
